
Microsoft Visual Studio Solution File, Format Version 12.00
# Visual Studio Version 17
VisualStudioVersion = 17.11.35222.181
MinimumVisualStudioVersion = 10.0.40219.1
Project("{8BC9CEB8-8B4A-11D0-8D11-00A0C91BC942}") = "metal_mistral", "metal_mistral.vcxproj", "{63EA8A8E-6254-4E46-98E6-C2C3E51A72D1}"
EndProject
Global
	GlobalSection(SolutionConfigurationPlatforms) = preSolution
		Debug|x64 = Debug|x64
		Debug|x86 = Debug|x86
		Release|x64 = Release|x64
		Release|x86 = Release|x86
	EndGlobalSection
	GlobalSection(ProjectConfigurationPlatforms) = postSolution
		{63EA8A8E-6254-4E46-98E6-C2C3E51A72D1}.Debug|x64.ActiveCfg = Debug|x64
		{63EA8A8E-6254-4E46-98E6-C2C3E51A72D1}.Debug|x64.Build.0 = Debug|x64
		{63EA8A8E-6254-4E46-98E6-C2C3E51A72D1}.Debug|x86.ActiveCfg = Debug|Win32
		{63EA8A8E-6254-4E46-98E6-C2C3E51A72D1}.Debug|x86.Build.0 = Debug|Win32
		{63EA8A8E-6254-4E46-98E6-C2C3E51A72D1}.Release|x64.ActiveCfg = Release|x64
		{63EA8A8E-6254-4E46-98E6-C2C3E51A72D1}.Release|x64.Build.0 = Release|x64
		{63EA8A8E-6254-4E46-98E6-C2C3E51A72D1}.Release|x86.ActiveCfg = Release|Win32
		{63EA8A8E-6254-4E46-98E6-C2C3E51A72D1}.Release|x86.Build.0 = Release|Win32
	EndGlobalSection
	GlobalSection(SolutionProperties) = preSolution
		HideSolutionNode = FALSE
	EndGlobalSection
	GlobalSection(ExtensibilityGlobals) = postSolution
		SolutionGuid = {2768ED96-A12F-4CF8-A597-F4D05565B2EB}
	EndGlobalSection
EndGlobal
